
Microsoft Visual Studio Solution File, Format Version 12.00
# Visual Studio Version 17
VisualStudioVersion = 17.0.32014.148
MinimumVisualStudioVersion = 10.0.40219.1
Project("{9A19103F-16F7-4668-BE54-9A1E7A4F7556}") = "EfCore.Filtering", "EfCore.Filtering\EfCore.Filtering.csproj", "{3AAEB0FC-332E-4EC0-97D5-C10EA33EBCB0}"
EndProject
Project("{9A19103F-16F7-4668-BE54-9A1E7A4F7556}") = "EfCore.Filtering.Client", "EfCore.Filtering.Client\EfCore.Filtering.Client.csproj", "{EA68EB03-7AB0-4152-B171-CDD0602D7D71}"
EndProject
Project("{9A19103F-16F7-4668-BE54-9A1E7A4F7556}") = "Tests.EfCore.Filtering", "Tests.EfCore.Filtering\Tests.EfCore.Filtering.csproj", "{15075A89-0407-46FB-8177-D39B8602790D}"
EndProject
Project("{9A19103F-16F7-4668-BE54-9A1E7A4F7556}") = "ExampleApi", "ExampleApi\ExampleApi.csproj", "{4A850DD7-3D31-4EB9-9410-0835EDAF45E9}"
EndProject
Project("{9A19103F-16F7-4668-BE54-9A1E7A4F7556}") = "EfCore.Filtering.Mvc", "EfCore.Filtering.Mvc\EfCore.Filtering.Mvc.csproj", "{712FD50D-D2DC-4A2C-AABB-B74BEA95336F}"
EndProject
Global
	GlobalSection(SolutionConfigurationPlatforms) = preSolution
		Debug|Any CPU = Debug|Any CPU
		Release|Any CPU = Release|Any CPU
	EndGlobalSection
	GlobalSection(ProjectConfigurationPlatforms) = postSolution
		{3AAEB0FC-332E-4EC0-97D5-C10EA33EBCB0}.Debug|Any CPU.ActiveCfg = Debug|Any CPU
		{3AAEB0FC-332E-4EC0-97D5-C10EA33EBCB0}.Debug|Any CPU.Build.0 = Debug|Any CPU
		{3AAEB0FC-332E-4EC0-97D5-C10EA33EBCB0}.Release|Any CPU.ActiveCfg = Release|Any CPU
		{3AAEB0FC-332E-4EC0-97D5-C10EA33EBCB0}.Release|Any CPU.Build.0 = Release|Any CPU
		{EA68EB03-7AB0-4152-B171-CDD0602D7D71}.Debug|Any CPU.ActiveCfg = Debug|Any CPU
		{EA68EB03-7AB0-4152-B171-CDD0602D7D71}.Debug|Any CPU.Build.0 = Debug|Any CPU
		{EA68EB03-7AB0-4152-B171-CDD0602D7D71}.Release|Any CPU.ActiveCfg = Release|Any CPU
		{EA68EB03-7AB0-4152-B171-CDD0602D7D71}.Release|Any CPU.Build.0 = Release|Any CPU
		{15075A89-0407-46FB-8177-D39B8602790D}.Debug|Any CPU.ActiveCfg = Debug|Any CPU
		{15075A89-0407-46FB-8177-D39B8602790D}.Debug|Any CPU.Build.0 = Debug|Any CPU
		{15075A89-0407-46FB-8177-D39B8602790D}.Release|Any CPU.ActiveCfg = Release|Any CPU
		{15075A89-0407-46FB-8177-D39B8602790D}.Release|Any CPU.Build.0 = Release|Any CPU
		{4A850DD7-3D31-4EB9-9410-0835EDAF45E9}.Debug|Any CPU.ActiveCfg = Debug|Any CPU
		{4A850DD7-3D31-4EB9-9410-0835EDAF45E9}.Debug|Any CPU.Build.0 = Debug|Any CPU
		{4A850DD7-3D31-4EB9-9410-0835EDAF45E9}.Release|Any CPU.ActiveCfg = Release|Any CPU
		{4A850DD7-3D31-4EB9-9410-0835EDAF45E9}.Release|Any CPU.Build.0 = Release|Any CPU
		{712FD50D-D2DC-4A2C-AABB-B74BEA95336F}.Debug|Any CPU.ActiveCfg = Debug|Any CPU
		{712FD50D-D2DC-4A2C-AABB-B74BEA95336F}.Debug|Any CPU.Build.0 = Debug|Any CPU
		{712FD50D-D2DC-4A2C-AABB-B74BEA95336F}.Release|Any CPU.ActiveCfg = Release|Any CPU
		{712FD50D-D2DC-4A2C-AABB-B74BEA95336F}.Release|Any CPU.Build.0 = Release|Any CPU
	EndGlobalSection
	GlobalSection(SolutionProperties) = preSolution
		HideSolutionNode = FALSE
	EndGlobalSection
	GlobalSection(ExtensibilityGlobals) = postSolution
		SolutionGuid = {4DA1E897-2B2A-4226-A046-614E12E20BB1}
	EndGlobalSection
EndGlobal
